{
    "version": 3,
    "terraform_version": "0.11.7",
    "serial": 10,
    "lineage": "8f3a929d-f7ea-ffc9-267d-d989af606eed",
    "modules": [
        {
            "path": [
                "root"
            ],
            "outputs": {
                "public_ip": {
                    "sensitive": false,
                    "type": "string",
                    "value": "137.135.66.186"
                }
            },
            "resources": {
                "azurerm_network_interface.public_nic": {
                    "type": "azurerm_network_interface",
                    "depends_on": [
                        "azurerm_network_security_group.nsg_web",
                        "azurerm_public_ip.la_pip",
                        "azurerm_resource_group.terraform_rg",
                        "azurerm_subnet.la_subnet_1"
                    ],
                    "primary": {
                        "id": "/subscriptions/8b56d223-7c2a-425b-a020-e8021bd2e3a2/resourceGroups/DevOps_Resources/providers/Microsoft.Network/networkInterfaces/LA-Terraform-Web",
                        "attributes": {
                            "applied_dns_servers.#": "0",
                            "dns_servers.#": "0",
                            "enable_accelerated_networking": "false",
                            "enable_ip_forwarding": "false",
                            "id": "/subscriptions/8b56d223-7c2a-425b-a020-e8021bd2e3a2/resourceGroups/DevOps_Resources/providers/Microsoft.Network/networkInterfaces/LA-Terraform-Web",
                            "internal_dns_name_label": "",
                            "internal_fqdn": "",
                            "ip_configuration.#": "1",
                            "ip_configuration.0.application_gateway_backend_address_pools_ids.#": "0",
                            "ip_configuration.0.application_security_group_ids.#": "0",
                            "ip_configuration.0.load_balancer_backend_address_pools_ids.#": "0",
                            "ip_configuration.0.load_balancer_inbound_nat_rules_ids.#": "0",
                            "ip_configuration.0.name": "LA-Terraform-WebPrivate",
                            "ip_configuration.0.primary": "true",
                            "ip_configuration.0.private_ip_address": "",
                            "ip_configuration.0.private_ip_address_allocation": "dynamic",
                            "ip_configuration.0.public_ip_address_id": "/subscriptions/8b56d223-7c2a-425b-a020-e8021bd2e3a2/resourceGroups/DevOps_Resources/providers/Microsoft.Network/publicIPAddresses/LA-Terraform-PIP",
                            "ip_configuration.0.subnet_id": "/subscriptions/8b56d223-7c2a-425b-a020-e8021bd2e3a2/resourceGroups/DevOps_Resources/providers/Microsoft.Network/virtualNetworks/LA-Terraform-VNet/subnets/LA-Subnet-1",
                            "location": "eastus",
                            "mac_address": "00-0D-3A-4F-51-36",
                            "name": "LA-Terraform-Web",
                            "network_security_group_id": "/subscriptions/8b56d223-7c2a-425b-a020-e8021bd2e3a2/resourceGroups/DevOps_Resources/providers/Microsoft.Network/networkSecurityGroups/LA-Terraform-Web-NSG",
                            "private_ip_address": "192.168.1.4",
                            "private_ip_addresses.#": "1",
                            "private_ip_addresses.0": "192.168.1.4",
                            "resource_group_name": "DevOps_Resources",
                            "tags.%": "1",
                            "tags.group": "DevOpsTeam",
                            "virtual_machine_id": "/subscriptions/8b56d223-7c2a-425b-a020-e8021bd2e3a2/resourceGroups/DevOps_Resources/providers/Microsoft.Compute/virtualMachines/Web-App"
                        },
                        "meta": {},
                        "tainted": false
                    },
                    "deposed": [],
                    "provider": "provider.azurerm"
                },
                "azurerm_network_security_group.nsg_web": {
                    "type": "azurerm_network_security_group",
                    "depends_on": [
                        "azurerm_resource_group.terraform_rg"
                    ],
                    "primary": {
                        "id": "/subscriptions/8b56d223-7c2a-425b-a020-e8021bd2e3a2/resourceGroups/DevOps_Resources/providers/Microsoft.Network/networkSecurityGroups/LA-Terraform-Web-NSG",
                        "attributes": {
                            "id": "/subscriptions/8b56d223-7c2a-425b-a020-e8021bd2e3a2/resourceGroups/DevOps_Resources/providers/Microsoft.Network/networkSecurityGroups/LA-Terraform-Web-NSG",
                            "location": "eastus",
                            "name": "LA-Terraform-Web-NSG",
                            "resource_group_name": "DevOps_Resources",
                            "security_rule.#": "4",
                            "security_rule.2707775252.access": "Allow",
                            "security_rule.2707775252.description": "",
                            "security_rule.2707775252.destination_address_prefix": "*",
                            "security_rule.2707775252.destination_address_prefixes.#": "0",
                            "security_rule.2707775252.destination_application_security_group_ids.#": "0",
                            "security_rule.2707775252.destination_port_range": "8090",
                            "security_rule.2707775252.destination_port_ranges.#": "0",
                            "security_rule.2707775252.direction": "Inbound",
                            "security_rule.2707775252.name": "AllowAppJavaout",
                            "security_rule.2707775252.priority": "400",
                            "security_rule.2707775252.protocol": "Tcp",
                            "security_rule.2707775252.source_address_prefix": "*",
                            "security_rule.2707775252.source_address_prefixes.#": "0",
                            "security_rule.2707775252.source_application_security_group_ids.#": "0",
                            "security_rule.2707775252.source_port_range": "*",
                            "security_rule.2707775252.source_port_ranges.#": "0",
                            "security_rule.338172098.access": "Allow",
                            "security_rule.338172098.description": "",
                            "security_rule.338172098.destination_address_prefix": "*",
                            "security_rule.338172098.destination_address_prefixes.#": "0",
                            "security_rule.338172098.destination_application_security_group_ids.#": "0",
                            "security_rule.338172098.destination_port_range": "80",
                            "security_rule.338172098.destination_port_ranges.#": "0",
                            "security_rule.338172098.direction": "Inbound",
                            "security_rule.338172098.name": "AllowHTTP",
                            "security_rule.338172098.priority": "200",
                            "security_rule.338172098.protocol": "Tcp",
                            "security_rule.338172098.source_address_prefix": "Internet",
                            "security_rule.338172098.source_address_prefixes.#": "0",
                            "security_rule.338172098.source_application_security_group_ids.#": "0",
                            "security_rule.338172098.source_port_range": "*",
                            "security_rule.338172098.source_port_ranges.#": "0",
                            "security_rule.554345685.access": "Allow",
                            "security_rule.554345685.description": "",
                            "security_rule.554345685.destination_address_prefix": "*",
                            "security_rule.554345685.destination_address_prefixes.#": "0",
                            "security_rule.554345685.destination_application_security_group_ids.#": "0",
                            "security_rule.554345685.destination_port_range": "22",
                            "security_rule.554345685.destination_port_ranges.#": "0",
                            "security_rule.554345685.direction": "Inbound",
                            "security_rule.554345685.name": "AllowSSH",
                            "security_rule.554345685.priority": "100",
                            "security_rule.554345685.protocol": "Tcp",
                            "security_rule.554345685.source_address_prefix": "*",
                            "security_rule.554345685.source_address_prefixes.#": "0",
                            "security_rule.554345685.source_application_security_group_ids.#": "0",
                            "security_rule.554345685.source_port_range": "*",
                            "security_rule.554345685.source_port_ranges.#": "0",
                            "security_rule.568328611.access": "Allow",
                            "security_rule.568328611.description": "",
                            "security_rule.568328611.destination_address_prefix": "*",
                            "security_rule.568328611.destination_address_prefixes.#": "0",
                            "security_rule.568328611.destination_application_security_group_ids.#": "0",
                            "security_rule.568328611.destination_port_range": "9000",
                            "security_rule.568328611.destination_port_ranges.#": "0",
                            "security_rule.568328611.direction": "Inbound",
                            "security_rule.568328611.name": "AllowHTTP",
                            "security_rule.568328611.priority": "500",
                            "security_rule.568328611.protocol": "Tcp",
                            "security_rule.568328611.source_address_prefix": "newapp",
                            "security_rule.568328611.source_address_prefixes.#": "0",
                            "security_rule.568328611.source_application_security_group_ids.#": "0",
                            "security_rule.568328611.source_port_range": "*",
                            "security_rule.568328611.source_port_ranges.#": "0",
                            "tags.%": "1",
                            "tags.group": "DevopsTeam"
                        },
                        "meta": {},
                        "tainted": false
                    },
                    "deposed": [],
                    "provider": "provider.azurerm"
                },
                "azurerm_public_ip.la_pip": {
                    "type": "azurerm_public_ip",
                    "depends_on": [
                        "azurerm_resource_group.terraform_rg"
                    ],
                    "primary": {
                        "id": "/subscriptions/8b56d223-7c2a-425b-a020-e8021bd2e3a2/resourceGroups/DevOps_Resources/providers/Microsoft.Network/publicIPAddresses/LA-Terraform-PIP",
                        "attributes": {
                            "id": "/subscriptions/8b56d223-7c2a-425b-a020-e8021bd2e3a2/resourceGroups/DevOps_Resources/providers/Microsoft.Network/publicIPAddresses/LA-Terraform-PIP",
                            "ip_address": "137.135.66.186",
                            "location": "eastus",
                            "name": "LA-Terraform-PIP",
                            "public_ip_address_allocation": "static",
                            "resource_group_name": "DevOps_Resources",
                            "sku": "Basic",
                            "tags.%": "1",
                            "tags.group": "DevOpsTeam",
                            "zones.#": "0"
                        },
                        "meta": {},
                        "tainted": false
                    },
                    "deposed": [],
                    "provider": "provider.azurerm"
                },
                "azurerm_resource_group.terraform_rg": {
                    "type": "azurerm_resource_group",
                    "depends_on": [],
                    "primary": {
                        "id": "/subscriptions/8b56d223-7c2a-425b-a020-e8021bd2e3a2/resourceGroups/DevOps_Resources",
                        "attributes": {
                            "id": "/subscriptions/8b56d223-7c2a-425b-a020-e8021bd2e3a2/resourceGroups/DevOps_Resources",
                            "location": "eastus",
                            "name": "DevOps_Resources",
                            "tags.%": "0"
                        },
                        "meta": {},
                        "tainted": false
                    },
                    "deposed": [],
                    "provider": "provider.azurerm"
                },
                "azurerm_subnet.la_subnet_1": {
                    "type": "azurerm_subnet",
                    "depends_on": [
                        "azurerm_resource_group.terraform_rg",
                        "azurerm_virtual_network.la_vnet"
                    ],
                    "primary": {
                        "id": "/subscriptions/8b56d223-7c2a-425b-a020-e8021bd2e3a2/resourceGroups/DevOps_Resources/providers/Microsoft.Network/virtualNetworks/LA-Terraform-VNet/subnets/LA-Subnet-1",
                        "attributes": {
                            "address_prefix": "192.168.1.0/24",
                            "id": "/subscriptions/8b56d223-7c2a-425b-a020-e8021bd2e3a2/resourceGroups/DevOps_Resources/providers/Microsoft.Network/virtualNetworks/LA-Terraform-VNet/subnets/LA-Subnet-1",
                            "ip_configurations.#": "1",
                            "ip_configurations.2615299159": "/subscriptions/8b56d223-7c2a-425b-a020-e8021bd2e3a2/resourceGroups/DevOps_Resources/providers/Microsoft.Network/networkInterfaces/LA-Terraform-Web/ipConfigurations/LA-Terraform-WebPrivate",
                            "name": "LA-Subnet-1",
                            "resource_group_name": "DevOps_Resources",
                            "service_endpoints.#": "0",
                            "virtual_network_name": "LA-Terraform-VNet"
                        },
                        "meta": {},
                        "tainted": false
                    },
                    "deposed": [],
                    "provider": "provider.azurerm"
                },
                "azurerm_virtual_machine.la_web": {
                    "type": "azurerm_virtual_machine",
                    "depends_on": [
                        "azurerm_network_interface.public_nic",
                        "azurerm_resource_group.terraform_rg"
                    ],
                    "primary": {
                        "id": "/subscriptions/8b56d223-7c2a-425b-a020-e8021bd2e3a2/resourceGroups/DevOps_Resources/providers/Microsoft.Compute/virtualMachines/Web-App",
                        "attributes": {
                            "delete_data_disks_on_termination": "false",
                            "delete_os_disk_on_termination": "true",
                            "id": "/subscriptions/8b56d223-7c2a-425b-a020-e8021bd2e3a2/resourceGroups/DevOps_Resources/providers/Microsoft.Compute/virtualMachines/Web-App",
                            "identity.#": "0",
                            "location": "eastus",
                            "name": "Web-App",
                            "network_interface_ids.#": "1",
                            "network_interface_ids.0": "/subscriptions/8b56d223-7c2a-425b-a020-e8021bd2e3a2/resourceGroups/DevOps_Resources/providers/Microsoft.Network/networkInterfaces/LA-Terraform-Web",
                            "os_profile.#": "1",
                            "os_profile.3025143238.admin_password": "",
                            "os_profile.3025143238.admin_username": "useradmin",
                            "os_profile.3025143238.computer_name": "ubuntuweb",
                            "os_profile.3025143238.custom_data": "",
                            "os_profile_linux_config.#": "1",
                            "os_profile_linux_config.69840937.disable_password_authentication": "true",
                            "os_profile_linux_config.69840937.ssh_keys.#": "1",
                            "os_profile_linux_config.69840937.ssh_keys.0.key_data": "ssh-rsa AAAAB3NzaC1yc2EAAAADAQABAAABAQDKHRzr355JcF/bD38CQ44O3xd+psx1nyxOoq7ba1Q5PI2N3tV4xV8i7f7fCsFyIa6/5yKsQJnL10AbT6KyEZmf+dwBqcuz86NA/AgOrUrUzPQz8CZVTnbGXr8TChZRHt6UpqCHdBc22rm5dDS9HHJ/ONUOnQ8puWHJxCLqyr6M1SjLZ2WY0T5p4fre4Kei419vI3hoK29ULSdo7LVU7diaipWzCL6Lgk3XtbZph6EAD8Kr9g5xXTuoDt4p0wZ+FSTtZ2piAFZGxWOgpkhWCp2F16JUKD3xAFQGA7HR72K0+OXnh0V8s3X5V2yVu/53bYs7pLsk4fGkRZn9aaKNm5p7 johndore@johndore\n",
                            "os_profile_linux_config.69840937.ssh_keys.0.path": "/home/useradmin/.ssh/authorized_keys",
                            "os_profile_secrets.#": "0",
                            "resource_group_name": "DevOps_Resources",
                            "storage_data_disk.#": "0",
                            "storage_image_reference.#": "1",
                            "storage_image_reference.1458860473.id": "",
                            "storage_image_reference.1458860473.offer": "UbuntuServer",
                            "storage_image_reference.1458860473.publisher": "Canonical",
                            "storage_image_reference.1458860473.sku": "16.04-LTS",
                            "storage_image_reference.1458860473.version": "latest",
                            "storage_os_disk.#": "1",
                            "storage_os_disk.0.caching": "ReadWrite",
                            "storage_os_disk.0.create_option": "FromImage",
                            "storage_os_disk.0.disk_size_gb": "30",
                            "storage_os_disk.0.image_uri": "",
                            "storage_os_disk.0.managed_disk_id": "/subscriptions/8b56d223-7c2a-425b-a020-e8021bd2e3a2/resourceGroups/DevOps_Resources/providers/Microsoft.Compute/disks/osdisk-1",
                            "storage_os_disk.0.managed_disk_type": "Standard_LRS",
                            "storage_os_disk.0.name": "osdisk-1",
                            "storage_os_disk.0.os_type": "Linux",
                            "storage_os_disk.0.vhd_uri": "",
                            "storage_os_disk.0.write_accelerator_enabled": "false",
                            "tags.%": "1",
                            "tags.group": "DevOpsTeam",
                            "vm_size": "Standard_DS1_v2",
                            "zones.#": "0"
                        },
                        "meta": {},
                        "tainted": false
                    },
                    "deposed": [],
                    "provider": "provider.azurerm"
                },
                "azurerm_virtual_network.la_vnet": {
                    "type": "azurerm_virtual_network",
                    "depends_on": [
                        "azurerm_resource_group.terraform_rg"
                    ],
                    "primary": {
                        "id": "/subscriptions/8b56d223-7c2a-425b-a020-e8021bd2e3a2/resourceGroups/DevOps_Resources/providers/Microsoft.Network/virtualNetworks/LA-Terraform-VNet",
                        "attributes": {
                            "address_space.#": "1",
                            "address_space.0": "192.168.0.0/16",
                            "dns_servers.#": "0",
                            "id": "/subscriptions/8b56d223-7c2a-425b-a020-e8021bd2e3a2/resourceGroups/DevOps_Resources/providers/Microsoft.Network/virtualNetworks/LA-Terraform-VNet",
                            "location": "eastus",
                            "name": "LA-Terraform-VNet",
                            "resource_group_name": "DevOps_Resources",
                            "subnet.#": "1",
                            "subnet.372961175.address_prefix": "192.168.1.0/24",
                            "subnet.372961175.name": "LA-Subnet-1",
                            "subnet.372961175.security_group": "",
                            "tags.%": "1",
                            "tags.group": "DevopsTeam"
                        },
                        "meta": {},
                        "tainted": false
                    },
                    "deposed": [],
                    "provider": "provider.azurerm"
                }
            },
            "depends_on": []
        }
    ]
}
